
Microsoft Visual Studio Solution File, Format Version 12.00
# Visual Studio Version 16
VisualStudioVersion = 16.0.29102.190
MinimumVisualStudioVersion = 10.0.40219.1
Project("{FAE04EC0-301F-11D3-BF4B-00C04F79EFBC}") = "CapaDatos", "CapaDatos\CapaDatos.csproj", "{50329F33-B101-448C-A19D-029A7756257B}"
EndProject
Project("{FAE04EC0-301F-11D3-BF4B-00C04F79EFBC}") = "CapaNegocios", "CapaNegocios\CapaNegocios.csproj", "{73704C84-9F65-44AE-8116-43EE680F7B28}"
EndProject
Project("{FAE04EC0-301F-11D3-BF4B-00C04F79EFBC}") = "CapaPresentacion", "CapaPresentacion\CapaPresentacion.csproj", "{A0FCD845-3BB3-4BDB-A411-A51D25842401}"
EndProject
Global
	GlobalSection(SolutionConfigurationPlatforms) = preSolution
		Debug|Any CPU = Debug|Any CPU
		Release|Any CPU = Release|Any CPU
	EndGlobalSection
	GlobalSection(ProjectConfigurationPlatforms) = postSolution
		{50329F33-B101-448C-A19D-029A7756257B}.Debug|Any CPU.ActiveCfg = Debug|Any CPU
		{50329F33-B101-448C-A19D-029A7756257B}.Debug|Any CPU.Build.0 = Debug|Any CPU
		{50329F33-B101-448C-A19D-029A7756257B}.Release|Any CPU.ActiveCfg = Release|Any CPU
		{50329F33-B101-448C-A19D-029A7756257B}.Release|Any CPU.Build.0 = Release|Any CPU
		{73704C84-9F65-44AE-8116-43EE680F7B28}.Debug|Any CPU.ActiveCfg = Debug|Any CPU
		{73704C84-9F65-44AE-8116-43EE680F7B28}.Debug|Any CPU.Build.0 = Debug|Any CPU
		{73704C84-9F65-44AE-8116-43EE680F7B28}.Release|Any CPU.ActiveCfg = Release|Any CPU
		{73704C84-9F65-44AE-8116-43EE680F7B28}.Release|Any CPU.Build.0 = Release|Any CPU
		{A0FCD845-3BB3-4BDB-A411-A51D25842401}.Debug|Any CPU.ActiveCfg = Debug|Any CPU
		{A0FCD845-3BB3-4BDB-A411-A51D25842401}.Debug|Any CPU.Build.0 = Debug|Any CPU
		{A0FCD845-3BB3-4BDB-A411-A51D25842401}.Release|Any CPU.ActiveCfg = Release|Any CPU
		{A0FCD845-3BB3-4BDB-A411-A51D25842401}.Release|Any CPU.Build.0 = Release|Any CPU
	EndGlobalSection
	GlobalSection(SolutionProperties) = preSolution
		HideSolutionNode = FALSE
	EndGlobalSection
	GlobalSection(ExtensibilityGlobals) = postSolution
		SolutionGuid = {13549585-12C7-4DE9-B777-86AB05DB7ECF}
	EndGlobalSection
EndGlobal
